// !$*UTF8*$!
{
	archiveVersion = 1;
	classes = {
	};
	objectVersion = 50;
	objects = {

/* Begin PBXBuildFile section */
		E30419C5226E2C770024F743 /* AppDelegate.swift in Sources */ = {isa = PBXBuildFile; fileRef = E30419C4226E2C770024F743 /* AppDelegate.swift */; };
		E30419CC226E2C780024F743 /* Assets.xcassets in Resources */ = {isa = PBXBuildFile; fileRef = E30419CB226E2C780024F743 /* Assets.xcassets */; };
		E30419CF226E2C780024F743 /* LaunchScreen.storyboard in Resources */ = {isa = PBXBuildFile; fileRef = E30419CD226E2C780024F743 /* LaunchScreen.storyboard */; };
		E30419DA226E2C780024F743 /* ChuckNorrisTests.swift in Sources */ = {isa = PBXBuildFile; fileRef = E30419D9226E2C780024F743 /* ChuckNorrisTests.swift */; };
		E30419E5226E2C780024F743 /* ChuckNorrisUITests.swift in Sources */ = {isa = PBXBuildFile; fileRef = E30419E4226E2C780024F743 /* ChuckNorrisUITests.swift */; };
		E30419FA226E3F450024F743 /* AppRouter.swift in Sources */ = {isa = PBXBuildFile; fileRef = E30419F9226E3F450024F743 /* AppRouter.swift */; };
		E30419FC226E403E0024F743 /* ListViewController.swift in Sources */ = {isa = PBXBuildFile; fileRef = E30419FB226E403E0024F743 /* ListViewController.swift */; };
		E30419FE226E404B0024F743 /* ListRouter.swift in Sources */ = {isa = PBXBuildFile; fileRef = E30419FD226E404B0024F743 /* ListRouter.swift */; };
		E3041A00226E40570024F743 /* ListViewModel.swift in Sources */ = {isa = PBXBuildFile; fileRef = E30419FF226E40570024F743 /* ListViewModel.swift */; };
		E3041A04226E42B90024F743 /* UIViewExtension.swift in Sources */ = {isa = PBXBuildFile; fileRef = E3041A03226E42B90024F743 /* UIViewExtension.swift */; };
		E3041A06226E4B960024F743 /* UIColorExtension.swift in Sources */ = {isa = PBXBuildFile; fileRef = E3041A05226E4B960024F743 /* UIColorExtension.swift */; };
		E3041A08226E5E0E0024F743 /* UIFontExtension.swift in Sources */ = {isa = PBXBuildFile; fileRef = E3041A07226E5E0E0024F743 /* UIFontExtension.swift */; };
		E3041A0E226E69820024F743 /* SearchRouter.swift in Sources */ = {isa = PBXBuildFile; fileRef = E3041A0D226E69820024F743 /* SearchRouter.swift */; };
		E3041A10226E699C0024F743 /* SearchViewController.swift in Sources */ = {isa = PBXBuildFile; fileRef = E3041A0F226E699C0024F743 /* SearchViewController.swift */; };
		E3041A12226E69B00024F743 /* SearchViewModel.swift in Sources */ = {isa = PBXBuildFile; fileRef = E3041A11226E69B00024F743 /* SearchViewModel.swift */; };
		E3041A16226E6BC60024F743 /* Differentiator.framework in Frameworks */ = {isa = PBXBuildFile; fileRef = E3041A15226E6BC60024F743 /* Differentiator.framework */; };
		E3041A1C226E6BD10024F743 /* RxAlamofire.framework in Frameworks */ = {isa = PBXBuildFile; fileRef = E3041A1B226E6BD10024F743 /* RxAlamofire.framework */; };
		E3041A22226E6C340024F743 /* RxDataSources.framework in Frameworks */ = {isa = PBXBuildFile; fileRef = E3041A21226E6C340024F743 /* RxDataSources.framework */; };
		E3041A24226E6C440024F743 /* Alamofire.framework in Frameworks */ = {isa = PBXBuildFile; fileRef = E3041A23226E6C440024F743 /* Alamofire.framework */; };
		E3041A26226E6C520024F743 /* RxSwift.framework in Frameworks */ = {isa = PBXBuildFile; fileRef = E3041A25226E6C520024F743 /* RxSwift.framework */; };
		E3041A28226E6C5B0024F743 /* RxCocoa.framework in Frameworks */ = {isa = PBXBuildFile; fileRef = E3041A27226E6C5B0024F743 /* RxCocoa.framework */; };
		E3041A29226E6C9E0024F743 /* Quick.framework in Frameworks */ = {isa = PBXBuildFile; fileRef = E3041A19226E6BCF0024F743 /* Quick.framework */; };
		E3041A2A226E6CA10024F743 /* Nimble.framework in Frameworks */ = {isa = PBXBuildFile; fileRef = E3041A17226E6BC90024F743 /* Nimble.framework */; };
		E3041A2E226E6DBC0024F743 /* ListProtocols.swift in Sources */ = {isa = PBXBuildFile; fileRef = E3041A2D226E6DBC0024F743 /* ListProtocols.swift */; };
		E3041A30226E8E8D0024F743 /* TagListView.framework in Frameworks */ = {isa = PBXBuildFile; fileRef = E3041A2F226E8E8D0024F743 /* TagListView.framework */; };
		E3041A33226F8A290024F743 /* Fact.swift in Sources */ = {isa = PBXBuildFile; fileRef = E3041A32226F8A290024F743 /* Fact.swift */; };
		E3041A35226F8D480024F743 /* ListCell.swift in Sources */ = {isa = PBXBuildFile; fileRef = E3041A34226F8D470024F743 /* ListCell.swift */; };
/* End PBXBuildFile section */

/* Begin PBXContainerItemProxy section */
		E30419D6226E2C780024F743 /* PBXContainerItemProxy */ = {
			isa = PBXContainerItemProxy;
			containerPortal = E30419B9226E2C760024F743 /* Project object */;
			proxyType = 1;
			remoteGlobalIDString = E30419C0226E2C770024F743;
			remoteInfo = ChuckNorris;
		};
		E30419E1226E2C780024F743 /* PBXContainerItemProxy */ = {
			isa = PBXContainerItemProxy;
			containerPortal = E30419B9226E2C760024F743 /* Project object */;
			proxyType = 1;
			remoteGlobalIDString = E30419C0226E2C770024F743;
			remoteInfo = ChuckNorris;
		};
/* End PBXContainerItemProxy section */

/* Begin PBXFileReference section */
		E30419C1226E2C770024F743 /* ChuckNorris.app */ = {isa = PBXFileReference; explicitFileType = wrapper.application; includeInIndex = 0; path = ChuckNorris.app; sourceTree = BUILT_PRODUCTS_DIR; };
		E30419C4226E2C770024F743 /* AppDelegate.swift */ = {isa = PBXFileReference; lastKnownFileType = sourcecode.swift; path = AppDelegate.swift; sourceTree = "<group>"; };
		E30419CB226E2C780024F743 /* Assets.xcassets */ = {isa = PBXFileReference; lastKnownFileType = folder.assetcatalog; path = Assets.xcassets; sourceTree = "<group>"; };
		E30419CE226E2C780024F743 /* Base */ = {isa = PBXFileReference; lastKnownFileType = file.storyboard; name = Base; path = Base.lproj/LaunchScreen.storyboard; sourceTree = "<group>"; };
		E30419D0226E2C780024F743 /* Info.plist */ = {isa = PBXFileReference; lastKnownFileType = text.plist.xml; path = Info.plist; sourceTree = "<group>"; };
		E30419D5226E2C780024F743 /* ChuckNorrisTests.xctest */ = {isa = PBXFileReference; explicitFileType = wrapper.cfbundle; includeInIndex = 0; path = ChuckNorrisTests.xctest; sourceTree = BUILT_PRODUCTS_DIR; };
		E30419D9226E2C780024F743 /* ChuckNorrisTests.swift */ = {isa = PBXFileReference; lastKnownFileType = sourcecode.swift; path = ChuckNorrisTests.swift; sourceTree = "<group>"; };
		E30419DB226E2C780024F743 /* Info.plist */ = {isa = PBXFileReference; lastKnownFileType = text.plist.xml; path = Info.plist; sourceTree = "<group>"; };
		E30419E0226E2C780024F743 /* ChuckNorrisUITests.xctest */ = {isa = PBXFileReference; explicitFileType = wrapper.cfbundle; includeInIndex = 0; path = ChuckNorrisUITests.xctest; sourceTree = BUILT_PRODUCTS_DIR; };
		E30419E4226E2C780024F743 /* ChuckNorrisUITests.swift */ = {isa = PBXFileReference; lastKnownFileType = sourcecode.swift; path = ChuckNorrisUITests.swift; sourceTree = "<group>"; };
		E30419E6226E2C780024F743 /* Info.plist */ = {isa = PBXFileReference; lastKnownFileType = text.plist.xml; path = Info.plist; sourceTree = "<group>"; };
		E30419F9226E3F450024F743 /* AppRouter.swift */ = {isa = PBXFileReference; lastKnownFileType = sourcecode.swift; path = AppRouter.swift; sourceTree = "<group>"; };
		E30419FB226E403E0024F743 /* ListViewController.swift */ = {isa = PBXFileReference; lastKnownFileType = sourcecode.swift; path = ListViewController.swift; sourceTree = "<group>"; };
		E30419FD226E404B0024F743 /* ListRouter.swift */ = {isa = PBXFileReference; lastKnownFileType = sourcecode.swift; path = ListRouter.swift; sourceTree = "<group>"; };
		E30419FF226E40570024F743 /* ListViewModel.swift */ = {isa = PBXFileReference; lastKnownFileType = sourcecode.swift; path = ListViewModel.swift; sourceTree = "<group>"; };
		E3041A03226E42B90024F743 /* UIViewExtension.swift */ = {isa = PBXFileReference; lastKnownFileType = sourcecode.swift; path = UIViewExtension.swift; sourceTree = "<group>"; };
		E3041A05226E4B960024F743 /* UIColorExtension.swift */ = {isa = PBXFileReference; lastKnownFileType = sourcecode.swift; path = UIColorExtension.swift; sourceTree = "<group>"; };
		E3041A07226E5E0E0024F743 /* UIFontExtension.swift */ = {isa = PBXFileReference; lastKnownFileType = sourcecode.swift; path = UIFontExtension.swift; sourceTree = "<group>"; };
		E3041A09226E664C0024F743 /* Cartfile */ = {isa = PBXFileReference; lastKnownFileType = text; path = Cartfile; sourceTree = "<group>"; };
		E3041A0B226E669B0024F743 /* setup.sh */ = {isa = PBXFileReference; lastKnownFileType = text.script.sh; path = setup.sh; sourceTree = "<group>"; };
		E3041A0D226E69820024F743 /* SearchRouter.swift */ = {isa = PBXFileReference; lastKnownFileType = sourcecode.swift; path = SearchRouter.swift; sourceTree = "<group>"; };
		E3041A0F226E699C0024F743 /* SearchViewController.swift */ = {isa = PBXFileReference; lastKnownFileType = sourcecode.swift; path = SearchViewController.swift; sourceTree = "<group>"; };
		E3041A11226E69B00024F743 /* SearchViewModel.swift */ = {isa = PBXFileReference; lastKnownFileType = sourcecode.swift; path = SearchViewModel.swift; sourceTree = "<group>"; };
		E3041A15226E6BC60024F743 /* Differentiator.framework */ = {isa = PBXFileReference; lastKnownFileType = wrapper.framework; name = Differentiator.framework; path = Carthage/Build/iOS/Differentiator.framework; sourceTree = "<group>"; };
		E3041A17226E6BC90024F743 /* Nimble.framework */ = {isa = PBXFileReference; lastKnownFileType = wrapper.framework; name = Nimble.framework; path = Carthage/Build/iOS/Nimble.framework; sourceTree = "<group>"; };
		E3041A19226E6BCF0024F743 /* Quick.framework */ = {isa = PBXFileReference; lastKnownFileType = wrapper.framework; name = Quick.framework; path = Carthage/Build/iOS/Quick.framework; sourceTree = "<group>"; };
		E3041A1B226E6BD10024F743 /* RxAlamofire.framework */ = {isa = PBXFileReference; lastKnownFileType = wrapper.framework; name = RxAlamofire.framework; path = Carthage/Build/iOS/RxAlamofire.framework; sourceTree = "<group>"; };
		E3041A21226E6C340024F743 /* RxDataSources.framework */ = {isa = PBXFileReference; lastKnownFileType = wrapper.framework; name = RxDataSources.framework; path = Carthage/Build/iOS/RxDataSources.framework; sourceTree = "<group>"; };
		E3041A23226E6C440024F743 /* Alamofire.framework */ = {isa = PBXFileReference; lastKnownFileType = wrapper.framework; name = Alamofire.framework; path = Carthage/Build/iOS/Alamofire.framework; sourceTree = "<group>"; };
		E3041A25226E6C520024F743 /* RxSwift.framework */ = {isa = PBXFileReference; lastKnownFileType = wrapper.framework; name = RxSwift.framework; path = Carthage/Build/iOS/RxSwift.framework; sourceTree = "<group>"; };
		E3041A27226E6C5B0024F743 /* RxCocoa.framework */ = {isa = PBXFileReference; lastKnownFileType = wrapper.framework; name = RxCocoa.framework; path = Carthage/Build/iOS/RxCocoa.framework; sourceTree = "<group>"; };
		E3041A2D226E6DBC0024F743 /* ListProtocols.swift */ = {isa = PBXFileReference; lastKnownFileType = sourcecode.swift; path = ListProtocols.swift; sourceTree = "<group>"; };
		E3041A2F226E8E8D0024F743 /* TagListView.framework */ = {isa = PBXFileReference; lastKnownFileType = wrapper.framework; name = TagListView.framework; path = Carthage/Build/iOS/TagListView.framework; sourceTree = "<group>"; };
		E3041A32226F8A290024F743 /* Fact.swift */ = {isa = PBXFileReference; lastKnownFileType = sourcecode.swift; path = Fact.swift; sourceTree = "<group>"; };
		E3041A34226F8D470024F743 /* ListCell.swift */ = {isa = PBXFileReference; lastKnownFileType = sourcecode.swift; path = ListCell.swift; sourceTree = "<group>"; };
		E3041A36226F9A390024F743 /* .gitignore */ = {isa = PBXFileReference; lastKnownFileType = text; path = .gitignore; sourceTree = "<group>"; };
/* End PBXFileReference section */

/* Begin PBXFrameworksBuildPhase section */
		E30419BE226E2C770024F743 /* Frameworks */ = {
			isa = PBXFrameworksBuildPhase;
			buildActionMask = 2147483647;
			files = (
				E3041A16226E6BC60024F743 /* Differentiator.framework in Frameworks */,
				E3041A22226E6C340024F743 /* RxDataSources.framework in Frameworks */,
				E3041A1C226E6BD10024F743 /* RxAlamofire.framework in Frameworks */,
				E3041A24226E6C440024F743 /* Alamofire.framework in Frameworks */,
				E3041A26226E6C520024F743 /* RxSwift.framework in Frameworks */,
				E3041A30226E8E8D0024F743 /* TagListView.framework in Frameworks */,
				E3041A28226E6C5B0024F743 /* RxCocoa.framework in Frameworks */,
			);
			runOnlyForDeploymentPostprocessing = 0;
		};
		E30419D2226E2C780024F743 /* Frameworks */ = {
			isa = PBXFrameworksBuildPhase;
			buildActionMask = 2147483647;
			files = (
				E3041A29226E6C9E0024F743 /* Quick.framework in Frameworks */,
				E3041A2A226E6CA10024F743 /* Nimble.framework in Frameworks */,
			);
			runOnlyForDeploymentPostprocessing = 0;
		};
		E30419DD226E2C780024F743 /* Frameworks */ = {
			isa = PBXFrameworksBuildPhase;
			buildActionMask = 2147483647;
			files = (
			);
			runOnlyForDeploymentPostprocessing = 0;
		};
/* End PBXFrameworksBuildPhase section */

/* Begin PBXGroup section */
		E30419B8226E2C760024F743 = {
			isa = PBXGroup;
			children = (
				E30419C3226E2C770024F743 /* ChuckNorris */,
				E30419D8226E2C780024F743 /* ChuckNorrisTests */,
				E30419E3226E2C780024F743 /* ChuckNorrisUITests */,
				E30419C2226E2C770024F743 /* Products */,
				E3041A14226E6BC60024F743 /* Frameworks */,
				E3041A36226F9A390024F743 /* .gitignore */,
				E3041A09226E664C0024F743 /* Cartfile */,
				E3041A0B226E669B0024F743 /* setup.sh */,
			);
			sourceTree = "<group>";
		};
		E30419C2226E2C770024F743 /* Products */ = {
			isa = PBXGroup;
			children = (
				E30419C1226E2C770024F743 /* ChuckNorris.app */,
				E30419D5226E2C780024F743 /* ChuckNorrisTests.xctest */,
				E30419E0226E2C780024F743 /* ChuckNorrisUITests.xctest */,
			);
			name = Products;
			sourceTree = "<group>";
		};
		E30419C3226E2C770024F743 /* ChuckNorris */ = {
			isa = PBXGroup;
			children = (
				E30419F2226E30DA0024F743 /* App */,
				E3041A01226E42940024F743 /* Commons */,
				E3041A31226F8A1C0024F743 /* Model */,
				E30419F6226E3C330024F743 /* Modules */,
				E30419F3226E33BD0024F743 /* Resources */,
				E30419F4226E33C40024F743 /* SupportFiles */,
			);
			path = ChuckNorris;
			sourceTree = "<group>";
		};
		E30419D8226E2C780024F743 /* ChuckNorrisTests */ = {
			isa = PBXGroup;
			children = (
				E30419F5226E33DA0024F743 /* SupportFiles */,
				E30419D9226E2C780024F743 /* ChuckNorrisTests.swift */,
			);
			path = ChuckNorrisTests;
			sourceTree = "<group>";
		};
		E30419E3226E2C780024F743 /* ChuckNorrisUITests */ = {
			isa = PBXGroup;
			children = (
				E30419E4226E2C780024F743 /* ChuckNorrisUITests.swift */,
				E30419E6226E2C780024F743 /* Info.plist */,
			);
			path = ChuckNorrisUITests;
			sourceTree = "<group>";
		};
		E30419F2226E30DA0024F743 /* App */ = {
			isa = PBXGroup;
			children = (
				E30419C4226E2C770024F743 /* AppDelegate.swift */,
				E30419F9226E3F450024F743 /* AppRouter.swift */,
			);
			path = App;
			sourceTree = "<group>";
		};
		E30419F3226E33BD0024F743 /* Resources */ = {
			isa = PBXGroup;
			children = (
				E30419CB226E2C780024F743 /* Assets.xcassets */,
				E30419CD226E2C780024F743 /* LaunchScreen.storyboard */,
			);
			path = Resources;
			sourceTree = "<group>";
		};
		E30419F4226E33C40024F743 /* SupportFiles */ = {
			isa = PBXGroup;
			children = (
				E30419D0226E2C780024F743 /* Info.plist */,
			);
			path = SupportFiles;
			sourceTree = "<group>";
		};
		E30419F5226E33DA0024F743 /* SupportFiles */ = {
			isa = PBXGroup;
			children = (
				E30419DB226E2C780024F743 /* Info.plist */,
			);
			path = SupportFiles;
			sourceTree = "<group>";
		};
		E30419F6226E3C330024F743 /* Modules */ = {
			isa = PBXGroup;
			children = (
				E30419F8226E3F0E0024F743 /* Search */,
				E30419F7226E3F080024F743 /* List */,
			);
			path = Modules;
			sourceTree = "<group>";
		};
		E30419F7226E3F080024F743 /* List */ = {
			isa = PBXGroup;
			children = (
				E3041A2D226E6DBC0024F743 /* ListProtocols.swift */,
				E30419FD226E404B0024F743 /* ListRouter.swift */,
				E30419FB226E403E0024F743 /* ListViewController.swift */,
				E30419FF226E40570024F743 /* ListViewModel.swift */,
				E3041A34226F8D470024F743 /* ListCell.swift */,
			);
			path = List;
			sourceTree = "<group>";
		};
		E30419F8226E3F0E0024F743 /* Search */ = {
			isa = PBXGroup;
			children = (
				E3041A0D226E69820024F743 /* SearchRouter.swift */,
				E3041A0F226E699C0024F743 /* SearchViewController.swift */,
				E3041A11226E69B00024F743 /* SearchViewModel.swift */,
			);
			path = Search;
			sourceTree = "<group>";
		};
		E3041A01226E42940024F743 /* Commons */ = {
			isa = PBXGroup;
			children = (
				E3041A02226E429B0024F743 /* Extensions */,
			);
			path = Commons;
			sourceTree = "<group>";
		};
		E3041A02226E429B0024F743 /* Extensions */ = {
			isa = PBXGroup;
			children = (
				E3041A05226E4B960024F743 /* UIColorExtension.swift */,
				E3041A07226E5E0E0024F743 /* UIFontExtension.swift */,
				E3041A03226E42B90024F743 /* UIViewExtension.swift */,
			);
			path = Extensions;
			sourceTree = "<group>";
		};
		E3041A14226E6BC60024F743 /* Frameworks */ = {
			isa = PBXGroup;
			children = (
				E3041A2F226E8E8D0024F743 /* TagListView.framework */,
				E3041A27226E6C5B0024F743 /* RxCocoa.framework */,
				E3041A25226E6C520024F743 /* RxSwift.framework */,
				E3041A23226E6C440024F743 /* Alamofire.framework */,
				E3041A21226E6C340024F743 /* RxDataSources.framework */,
				E3041A1B226E6BD10024F743 /* RxAlamofire.framework */,
				E3041A19226E6BCF0024F743 /* Quick.framework */,
				E3041A17226E6BC90024F743 /* Nimble.framework */,
				E3041A15226E6BC60024F743 /* Differentiator.framework */,
			);
			name = Frameworks;
			sourceTree = "<group>";
		};
		E3041A31226F8A1C0024F743 /* Model */ = {
			isa = PBXGroup;
			children = (
				E3041A32226F8A290024F743 /* Fact.swift */,
			);
			path = Model;
			sourceTree = "<group>";
		};
/* End PBXGroup section */

/* Begin PBXNativeTarget section */
		E30419C0226E2C770024F743 /* ChuckNorris */ = {
			isa = PBXNativeTarget;
			buildConfigurationList = E30419E9226E2C780024F743 /* Build configuration list for PBXNativeTarget "ChuckNorris" */;
			buildPhases = (
				E30419BD226E2C770024F743 /* Sources */,
				E30419BE226E2C770024F743 /* Frameworks */,
				E30419BF226E2C770024F743 /* Resources */,
				E3041A13226E6B370024F743 /* Carthage */,
			);
			buildRules = (
			);
			dependencies = (
			);
			name = ChuckNorris;
			productName = ChuckNorris;
			productReference = E30419C1226E2C770024F743 /* ChuckNorris.app */;
			productType = "com.apple.product-type.application";
		};
		E30419D4226E2C780024F743 /* ChuckNorrisTests */ = {
			isa = PBXNativeTarget;
			buildConfigurationList = E30419EC226E2C780024F743 /* Build configuration list for PBXNativeTarget "ChuckNorrisTests" */;
			buildPhases = (
				E30419D1226E2C780024F743 /* Sources */,
				E30419D2226E2C780024F743 /* Frameworks */,
				E30419D3226E2C780024F743 /* Resources */,
			);
			buildRules = (
			);
			dependencies = (
				E30419D7226E2C780024F743 /* PBXTargetDependency */,
			);
			name = ChuckNorrisTests;
			productName = ChuckNorrisTests;
			productReference = E30419D5226E2C780024F743 /* ChuckNorrisTests.xctest */;
			productType = "com.apple.product-type.bundle.unit-test";
		};
		E30419DF226E2C780024F743 /* ChuckNorrisUITests */ = {
			isa = PBXNativeTarget;
			buildConfigurationList = E30419EF226E2C780024F743 /* Build configuration list for PBXNativeTarget "ChuckNorrisUITests" */;
			buildPhases = (
				E30419DC226E2C780024F743 /* Sources */,
				E30419DD226E2C780024F743 /* Frameworks */,
				E30419DE226E2C780024F743 /* Resources */,
			);
			buildRules = (
			);
			dependencies = (
				E30419E2226E2C780024F743 /* PBXTargetDependency */,
			);
			name = ChuckNorrisUITests;
			productName = ChuckNorrisUITests;
			productReference = E30419E0226E2C780024F743 /* ChuckNorrisUITests.xctest */;
			productType = "com.apple.product-type.bundle.ui-testing";
		};
/* End PBXNativeTarget section */

/* Begin PBXProject section */
		E30419B9226E2C760024F743 /* Project object */ = {
			isa = PBXProject;
			attributes = {
				LastSwiftUpdateCheck = 1020;
				LastUpgradeCheck = 1020;
				ORGANIZATIONNAME = "Juliano Terres";
				TargetAttributes = {
					E30419C0226E2C770024F743 = {
						CreatedOnToolsVersion = 10.2;
					};
					E30419D4226E2C780024F743 = {
						CreatedOnToolsVersion = 10.2;
						TestTargetID = E30419C0226E2C770024F743;
					};
					E30419DF226E2C780024F743 = {
						CreatedOnToolsVersion = 10.2;
						TestTargetID = E30419C0226E2C770024F743;
					};
				};
			};
			buildConfigurationList = E30419BC226E2C760024F743 /* Build configuration list for PBXProject "ChuckNorris" */;
			compatibilityVersion = "Xcode 9.3";
			developmentRegion = en;
			hasScannedForEncodings = 0;
			knownRegions = (
				en,
				Base,
			);
			mainGroup = E30419B8226E2C760024F743;
			productRefGroup = E30419C2226E2C770024F743 /* Products */;
			projectDirPath = "";
			projectRoot = "";
			targets = (
				E30419C0226E2C770024F743 /* ChuckNorris */,
				E30419D4226E2C780024F743 /* ChuckNorrisTests */,
				E30419DF226E2C780024F743 /* ChuckNorrisUITests */,
			);
		};
/* End PBXProject section */

/* Begin PBXResourcesBuildPhase section */
		E30419BF226E2C770024F743 /* Resources */ = {
			isa = PBXResourcesBuildPhase;
			buildActionMask = 2147483647;
			files = (
				E30419CF226E2C780024F743 /* LaunchScreen.storyboard in Resources */,
				E30419CC226E2C780024F743 /* Assets.xcassets in Resources */,
			);
			runOnlyForDeploymentPostprocessing = 0;
		};
		E30419D3226E2C780024F743 /* Resources */ = {
			isa = PBXResourcesBuildPhase;
			buildActionMask = 2147483647;
			files = (
			);
			runOnlyForDeploymentPostprocessing = 0;
		};
		E30419DE226E2C780024F743 /* Resources */ = {
			isa = PBXResourcesBuildPhase;
			buildActionMask = 2147483647;
			files = (
			);
			runOnlyForDeploymentPostprocessing = 0;
		};
/* End PBXResourcesBuildPhase section */

/* Begin PBXShellScriptBuildPhase section */
		E3041A13226E6B370024F743 /* Carthage */ = {
			isa = PBXShellScriptBuildPhase;
			buildActionMask = 2147483647;
			files = (
			);
			inputFileListPaths = (
			);
			inputPaths = (
				"$(SRCROOT)/Carthage/Build/iOS/RxCocoa.framework",
				"$(SRCROOT)/Carthage/Build/iOS/RxSwift.framework",
				"$(SRCROOT)/Carthage/Build/iOS/Alamofire.framework",
				"$(SRCROOT)/Carthage/Build/iOS/RxAlamofire.framework",
				"$(SRCROOT)/Carthage/Build/iOS/RxDataSources.framework",
				"$(SRCROOT)/Carthage/Build/iOS/Differentiator.framework",
				"$(SRCROOT)/Carthage/Build/iOS/Nimble.framework",
				"$(SRCROOT)/Carthage/Build/iOS/Quick.framework",
				"$(SRCROOT)/Carthage/Build/iOS/TagListView.framework",
			);
			name = Carthage;
			outputFileListPaths = (
			);
			outputPaths = (
			);
			runOnlyForDeploymentPostprocessing = 0;
			shellPath = /bin/sh;
			shellScript = "/usr/local/bin/carthage copy-frameworks\n";
		};
/* End PBXShellScriptBuildPhase section */

/* Begin PBXSourcesBuildPhase section */
		E30419BD226E2C770024F743 /* Sources */ = {
			isa = PBXSourcesBuildPhase;
			buildActionMask = 2147483647;
			files = (
				E3041A33226F8A290024F743 /* Fact.swift in Sources */,
				E3041A12226E69B00024F743 /* SearchViewModel.swift in Sources */,
				E3041A10226E699C0024F743 /* SearchViewController.swift in Sources */,
				E3041A35226F8D480024F743 /* ListCell.swift in Sources */,
				E3041A04226E42B90024F743 /* UIViewExtension.swift in Sources */,
				E3041A06226E4B960024F743 /* UIColorExtension.swift in Sources */,
				E3041A00226E40570024F743 /* ListViewModel.swift in Sources */,
				E3041A0E226E69820024F743 /* SearchRouter.swift in Sources */,
				E30419FE226E404B0024F743 /* ListRouter.swift in Sources */,
				E3041A08226E5E0E0024F743 /* UIFontExtension.swift in Sources */,
				E30419FA226E3F450024F743 /* AppRouter.swift in Sources */,
				E30419C5226E2C770024F743 /* AppDelegate.swift in Sources */,
				E30419FC226E403E0024F743 /* ListViewController.swift in Sources */,
				E3041A2E226E6DBC0024F743 /* ListProtocols.swift in Sources */,
			);
			runOnlyForDeploymentPostprocessing = 0;
		};
		E30419D1226E2C780024F743 /* Sources */ = {
			isa = PBXSourcesBuildPhase;
			buildActionMask = 2147483647;
			files = (
				E30419DA226E2C780024F743 /* ChuckNorrisTests.swift in Sources */,
			);
			runOnlyForDeploymentPostprocessing = 0;
		};
		E30419DC226E2C780024F743 /* Sources */ = {
			isa = PBXSourcesBuildPhase;
			buildActionMask = 2147483647;
			files = (
				E30419E5226E2C780024F743 /* ChuckNorrisUITests.swift in Sources */,
			);
			runOnlyForDeploymentPostprocessing = 0;
		};
/* End PBXSourcesBuildPhase section */

/* Begin PBXTargetDependency section */
		E30419D7226E2C780024F743 /* PBXTargetDependency */ = {
			isa = PBXTargetDependency;
			target = E30419C0226E2C770024F743 /* ChuckNorris */;
			targetProxy = E30419D6226E2C780024F743 /* PBXContainerItemProxy */;
		};
		E30419E2226E2C780024F743 /* PBXTargetDependency */ = {
			isa = PBXTargetDependency;
			target = E30419C0226E2C770024F743 /* ChuckNorris */;
			targetProxy = E30419E1226E2C780024F743 /* PBXContainerItemProxy */;
		};
/* End PBXTargetDependency section */

/* Begin PBXVariantGroup section */
		E30419CD226E2C780024F743 /* LaunchScreen.storyboard */ = {
			isa = PBXVariantGroup;
			children = (
				E30419CE226E2C780024F743 /* Base */,
			);
			name = LaunchScreen.storyboard;
			sourceTree = "<group>";
		};
/* End PBXVariantGroup section */

/* Begin XCBuildConfiguration section */
		E30419E7226E2C780024F743 /* Debug */ = {
			isa = XCBuildConfiguration;
			buildSettings = {
				ALWAYS_SEARCH_USER_PATHS = NO;
				CLANG_ANALYZER_NONNULL = YES;
				CLANG_ANALYZER_NUMBER_OBJECT_CONVERSION = YES_AGGRESSIVE;
				CLANG_CXX_LANGUAGE_STANDARD = "gnu++14";
				CLANG_CXX_LIBRARY = "libc++";
				CLANG_ENABLE_MODULES = YES;
				CLANG_ENABLE_OBJC_ARC = YES;
				CLANG_ENABLE_OBJC_WEAK = YES;
				CLANG_WARN_BLOCK_CAPTURE_AUTORELEASING = YES;
				CLANG_WARN_BOOL_CONVERSION = YES;
				CLANG_WARN_COMMA = YES;
				CLANG_WARN_CONSTANT_CONVERSION = YES;
				CLANG_WARN_DEPRECATED_OBJC_IMPLEMENTATIONS = YES;
				CLANG_WARN_DIRECT_OBJC_ISA_USAGE = YES_ERROR;
				CLANG_WARN_DOCUMENTATION_COMMENTS = YES;
				CLANG_WARN_EMPTY_BODY = YES;
				CLANG_WARN_ENUM_CONVERSION = YES;
				CLANG_WARN_INFINITE_RECURSION = YES;
				CLANG_WARN_INT_CONVERSION = YES;
				CLANG_WARN_NON_LITERAL_NULL_CONVERSION = YES;
				CLANG_WARN_OBJC_IMPLICIT_RETAIN_SELF = YES;
				CLANG_WARN_OBJC_LITERAL_CONVERSION = YES;
				CLANG_WARN_OBJC_ROOT_CLASS = YES_ERROR;
				CLANG_WARN_RANGE_LOOP_ANALYSIS = YES;
				CLANG_WARN_STRICT_PROTOTYPES = YES;
				CLANG_WARN_SUSPICIOUS_MOVE = YES;
				CLANG_WARN_UNGUARDED_AVAILABILITY = YES_AGGRESSIVE;
				CLANG_WARN_UNREACHABLE_CODE = YES;
				CLANG_WARN__DUPLICATE_METHOD_MATCH = YES;
				CODE_SIGN_IDENTITY = "iPhone Developer";
				COPY_PHASE_STRIP = NO;
				DEBUG_INFORMATION_FORMAT = dwarf;
				ENABLE_STRICT_OBJC_MSGSEND = YES;
				ENABLE_TESTABILITY = YES;
				GCC_C_LANGUAGE_STANDARD = gnu11;
				GCC_DYNAMIC_NO_PIC = NO;
				GCC_NO_COMMON_BLOCKS = YES;
				GCC_OPTIMIZATION_LEVEL = 0;
				GCC_PREPROCESSOR_DEFINITIONS = (
					"DEBUG=1",
					"$(inherited)",
				);
				GCC_WARN_64_TO_32_BIT_CONVERSION = YES;
				GCC_WARN_ABOUT_RETURN_TYPE = YES_ERROR;
				GCC_WARN_UNDECLARED_SELECTOR = YES;
				GCC_WARN_UNINITIALIZED_AUTOS = YES_AGGRESSIVE;
				GCC_WARN_UNUSED_FUNCTION = YES;
				GCC_WARN_UNUSED_VARIABLE = YES;
				IPHONEOS_DEPLOYMENT_TARGET = 12.2;
				MTL_ENABLE_DEBUG_INFO = INCLUDE_SOURCE;
				MTL_FAST_MATH = YES;
				ONLY_ACTIVE_ARCH = YES;
				SDKROOT = iphoneos;
				SWIFT_ACTIVE_COMPILATION_CONDITIONS = DEBUG;
				SWIFT_OPTIMIZATION_LEVEL = "-Onone";
			};
			name = Debug;
		};
		E30419E8226E2C780024F743 /* Release */ = {
			isa = XCBuildConfiguration;
			buildSettings = {
				ALWAYS_SEARCH_USER_PATHS = NO;
				CLANG_ANALYZER_NONNULL = YES;
				CLANG_ANALYZER_NUMBER_OBJECT_CONVERSION = YES_AGGRESSIVE;
				CLANG_CXX_LANGUAGE_STANDARD = "gnu++14";
				CLANG_CXX_LIBRARY = "libc++";
				CLANG_ENABLE_MODULES = YES;
				CLANG_ENABLE_OBJC_ARC = YES;
				CLANG_ENABLE_OBJC_WEAK = YES;
				CLANG_WARN_BLOCK_CAPTURE_AUTORELEASING = YES;
				CLANG_WARN_BOOL_CONVERSION = YES;
				CLANG_WARN_COMMA = YES;
				CLANG_WARN_CONSTANT_CONVERSION = YES;
				CLANG_WARN_DEPRECATED_OBJC_IMPLEMENTATIONS = YES;
				CLANG_WARN_DIRECT_OBJC_ISA_USAGE = YES_ERROR;
				CLANG_WARN_DOCUMENTATION_COMMENTS = YES;
				CLANG_WARN_EMPTY_BODY = YES;
				CLANG_WARN_ENUM_CONVERSION = YES;
				CLANG_WARN_INFINITE_RECURSION = YES;
				CLANG_WARN_INT_CONVERSION = YES;
				CLANG_WARN_NON_LITERAL_NULL_CONVERSION = YES;
				CLANG_WARN_OBJC_IMPLICIT_RETAIN_SELF = YES;
				CLANG_WARN_OBJC_LITERAL_CONVERSION = YES;
				CLANG_WARN_OBJC_ROOT_CLASS = YES_ERROR;
				CLANG_WARN_RANGE_LOOP_ANALYSIS = YES;
				CLANG_WARN_STRICT_PROTOTYPES = YES;
				CLANG_WARN_SUSPICIOUS_MOVE = YES;
				CLANG_WARN_UNGUARDED_AVAILABILITY = YES_AGGRESSIVE;
				CLANG_WARN_UNREACHABLE_CODE = YES;
				CLANG_WARN__DUPLICATE_METHOD_MATCH = YES;
				CODE_SIGN_IDENTITY = "iPhone Developer";
				COPY_PHASE_STRIP = NO;
				DEBUG_INFORMATION_FORMAT = "dwarf-with-dsym";
				ENABLE_NS_ASSERTIONS = NO;
				ENABLE_STRICT_OBJC_MSGSEND = YES;
				GCC_C_LANGUAGE_STANDARD = gnu11;
				GCC_NO_COMMON_BLOCKS = YES;
				GCC_WARN_64_TO_32_BIT_CONVERSION = YES;
				GCC_WARN_ABOUT_RETURN_TYPE = YES_ERROR;
				GCC_WARN_UNDECLARED_SELECTOR = YES;
				GCC_WARN_UNINITIALIZED_AUTOS = YES_AGGRESSIVE;
				GCC_WARN_UNUSED_FUNCTION = YES;
				GCC_WARN_UNUSED_VARIABLE = YES;
				IPHONEOS_DEPLOYMENT_TARGET = 12.2;
				MTL_ENABLE_DEBUG_INFO = NO;
				MTL_FAST_MATH = YES;
				SDKROOT = iphoneos;
				SWIFT_COMPILATION_MODE = wholemodule;
				SWIFT_OPTIMIZATION_LEVEL = "-O";
				VALIDATE_PRODUCT = YES;
			};
			name = Release;
		};
		E30419EA226E2C780024F743 /* Debug */ = {
			isa = XCBuildConfiguration;
			buildSettings = {
				ASSETCATALOG_COMPILER_APPICON_NAME = AppIcon;
				CODE_SIGN_STYLE = Automatic;
				DEVELOPMENT_TEAM = XPQRN7QUXG;
				FRAMEWORK_SEARCH_PATHS = (
					"$(inherited)",
					"$(PROJECT_DIR)/Carthage/Build/iOS",
				);
				INFOPLIST_FILE = ChuckNorris/SupportFiles/Info.plist;
				LD_RUNPATH_SEARCH_PATHS = (
					"$(inherited)",
					"@executable_path/Frameworks",
				);
				PRODUCT_BUNDLE_IDENTIFIER = br.com.julianoterres.ChuckNorris;
				PRODUCT_NAME = "$(TARGET_NAME)";
				SWIFT_VERSION = 5.0;
				TARGETED_DEVICE_FAMILY = "1,2";
			};
			name = Debug;
		};
		E30419EB226E2C780024F743 /* Release */ = {
			isa = XCBuildConfiguration;
			buildSettings = {
				ASSETCATALOG_COMPILER_APPICON_NAME = AppIcon;
				CODE_SIGN_STYLE = Automatic;
				DEVELOPMENT_TEAM = XPQRN7QUXG;
				FRAMEWORK_SEARCH_PATHS = (
					"$(inherited)",
					"$(PROJECT_DIR)/Carthage/Build/iOS",
				);
				INFOPLIST_FILE = ChuckNorris/SupportFiles/Info.plist;
				LD_RUNPATH_SEARCH_PATHS = (
					"$(inherited)",
					"@executable_path/Frameworks",
				);
				PRODUCT_BUNDLE_IDENTIFIER = br.com.julianoterres.ChuckNorris;
				PRODUCT_NAME = "$(TARGET_NAME)";
				SWIFT_VERSION = 5.0;
				TARGETED_DEVICE_FAMILY = "1,2";
			};
			name = Release;
		};
		E30419ED226E2C780024F743 /* Debug */ = {
			isa = XCBuildConfiguration;
			buildSettings = {
				ALWAYS_EMBED_SWIFT_STANDARD_LIBRARIES = YES;
				BUNDLE_LOADER = "$(TEST_HOST)";
				CODE_SIGN_STYLE = Automatic;
				DEVELOPMENT_TEAM = XPQRN7QUXG;
				FRAMEWORK_SEARCH_PATHS = (
					"$(inherited)",
					"$(PROJECT_DIR)/Carthage/Build/iOS",
				);
				INFOPLIST_FILE = ChuckNorrisTests/SupportFiles/Info.plist;
				LD_RUNPATH_SEARCH_PATHS = (
					"$(inherited)",
					"@executable_path/Frameworks",
					"@loader_path/Frameworks",
				);
				PRODUCT_BUNDLE_IDENTIFIER = br.com.julianoterres.ChuckNorrisTests;
				PRODUCT_NAME = "$(TARGET_NAME)";
				SWIFT_VERSION = 5.0;
				TARGETED_DEVICE_FAMILY = "1,2";
				TEST_HOST = "$(BUILT_PRODUCTS_DIR)/ChuckNorris.app/ChuckNorris";
			};
			name = Debug;
		};
		E30419EE226E2C780024F743 /* Release */ = {
			isa = XCBuildConfiguration;
			buildSettings = {
				ALWAYS_EMBED_SWIFT_STANDARD_LIBRARIES = YES;
				BUNDLE_LOADER = "$(TEST_HOST)";
				CODE_SIGN_STYLE = Automatic;
				DEVELOPMENT_TEAM = XPQRN7QUXG;
				FRAMEWORK_SEARCH_PATHS = (
					"$(inherited)",
					"$(PROJECT_DIR)/Carthage/Build/iOS",
				);
				INFOPLIST_FILE = ChuckNorrisTests/SupportFiles/Info.plist;
				LD_RUNPATH_SEARCH_PATHS = (
					"$(inherited)",
					"@executable_path/Frameworks",
					"@loader_path/Frameworks",
				);
				PRODUCT_BUNDLE_IDENTIFIER = br.com.julianoterres.ChuckNorrisTests;
				PRODUCT_NAME = "$(TARGET_NAME)";
				SWIFT_VERSION = 5.0;
				TARGETED_DEVICE_FAMILY = "1,2";
				TEST_HOST = "$(BUILT_PRODUCTS_DIR)/ChuckNorris.app/ChuckNorris";
			};
			name = Release;
		};
		E30419F0226E2C780024F743 /* Debug */ = {
			isa = XCBuildConfiguration;
			buildSettings = {
				ALWAYS_EMBED_SWIFT_STANDARD_LIBRARIES = YES;
				CODE_SIGN_STYLE = Automatic;
				DEVELOPMENT_TEAM = XPQRN7QUXG;
				INFOPLIST_FILE = ChuckNorrisUITests/Info.plist;
				LD_RUNPATH_SEARCH_PATHS = (
					"$(inherited)",
					"@executable_path/Frameworks",
					"@loader_path/Frameworks",
				);
				PRODUCT_BUNDLE_IDENTIFIER = br.com.julianoterres.ChuckNorrisUITests;
				PRODUCT_NAME = "$(TARGET_NAME)";
				SWIFT_VERSION = 5.0;
				TARGETED_DEVICE_FAMILY = "1,2";
				TEST_TARGET_NAME = ChuckNorris;
			};
			name = Debug;
		};
		E30419F1226E2C780024F743 /* Release */ = {
			isa = XCBuildConfiguration;
			buildSettings = {
				ALWAYS_EMBED_SWIFT_STANDARD_LIBRARIES = YES;
				CODE_SIGN_STYLE = Automatic;
				DEVELOPMENT_TEAM = XPQRN7QUXG;
				INFOPLIST_FILE = ChuckNorrisUITests/Info.plist;
				LD_RUNPATH_SEARCH_PATHS = (
					"$(inherited)",
					"@executable_path/Frameworks",
					"@loader_path/Frameworks",
				);
				PRODUCT_BUNDLE_IDENTIFIER = br.com.julianoterres.ChuckNorrisUITests;
				PRODUCT_NAME = "$(TARGET_NAME)";
				SWIFT_VERSION = 5.0;
				TARGETED_DEVICE_FAMILY = "1,2";
				TEST_TARGET_NAME = ChuckNorris;
			};
			name = Release;
		};
/* End XCBuildConfiguration section */

/* Begin XCConfigurationList section */
		E30419BC226E2C760024F743 /* Build configuration list for PBXProject "ChuckNorris" */ = {
			isa = XCConfigurationList;
			buildConfigurations = (
				E30419E7226E2C780024F743 /* Debug */,
				E30419E8226E2C780024F743 /* Release */,
			);
			defaultConfigurationIsVisible = 0;
			defaultConfigurationName = Release;
		};
		E30419E9226E2C780024F743 /* Build configuration list for PBXNativeTarget "ChuckNorris" */ = {
			isa = XCConfigurationList;
			buildConfigurations = (
				E30419EA226E2C780024F743 /* Debug */,
				E30419EB226E2C780024F743 /* Release */,
			);
			defaultConfigurationIsVisible = 0;
			defaultConfigurationName = Release;
		};
		E30419EC226E2C780024F743 /* Build configuration list for PBXNativeTarget "ChuckNorrisTests" */ = {
			isa = XCConfigurationList;
			buildConfigurations = (
				E30419ED226E2C780024F743 /* Debug */,
				E30419EE226E2C780024F743 /* Release */,
			);
			defaultConfigurationIsVisible = 0;
			defaultConfigurationName = Release;
		};
		E30419EF226E2C780024F743 /* Build configuration list for PBXNativeTarget "ChuckNorrisUITests" */ = {
			isa = XCConfigurationList;
			buildConfigurations = (
				E30419F0226E2C780024F743 /* Debug */,
				E30419F1226E2C780024F743 /* Release */,
			);
			defaultConfigurationIsVisible = 0;
			defaultConfigurationName = Release;
		};
/* End XCConfigurationList section */
	};
	rootObject = E30419B9226E2C760024F743 /* Project object */;
}
